// !$*UTF8*$!
{
	archiveVersion = 1;
	classes = {
	};
	objectVersion = 46;
	objects = {

/* Begin PBXBuildFile section */
		CE6F02611746F47F000A0DC7 /* EntryViewController.m in Sources */ = {isa = PBXBuildFile; fileRef = CE6F02601746F47F000A0DC7 /* EntryViewController.m */; };
		CE6F026817470481000A0DC7 /* MicrosControllernav.m in Sources */ = {isa = PBXBuildFile; fileRef = CE6F026717470481000A0DC7 /* MicrosControllernav.m */; };
		CE6F026A17470532000A0DC7 /* splash.png in Resources */ = {isa = PBXBuildFile; fileRef = CE6F026917470532000A0DC7 /* splash.png */; };
		CE6F026D17470B94000A0DC7 /* facebook.png in Resources */ = {isa = PBXBuildFile; fileRef = CE6F026B17470B93000A0DC7 /* facebook.png */; };
		CE6F026E17470B94000A0DC7 /* fond.png in Resources */ = {isa = PBXBuildFile; fileRef = CE6F026C17470B94000A0DC7 /* fond.png */; };
		CE6F0271174723BE000A0DC7 /* DetailsViewController.m in Sources */ = {isa = PBXBuildFile; fileRef = CE6F0270174723BE000A0DC7 /* DetailsViewController.m */; };
		CE6F02751747494D000A0DC7 /* list-view.png in Resources */ = {isa = PBXBuildFile; fileRef = CE6F02721747494D000A0DC7 /* list-view.png */; };
		CE6F02761747494D000A0DC7 /* location-pin.png in Resources */ = {isa = PBXBuildFile; fileRef = CE6F02731747494D000A0DC7 /* location-pin.png */; };
		CE6F02771747494D000A0DC7 /* user.png in Resources */ = {isa = PBXBuildFile; fileRef = CE6F02741747494D000A0DC7 /* user.png */; };
		CEF99A911746E14400DC0598 /* UIKit.framework in Frameworks */ = {isa = PBXBuildFile; fileRef = CEF99A901746E14400DC0598 /* UIKit.framework */; };
		CEF99A931746E14400DC0598 /* Foundation.framework in Frameworks */ = {isa = PBXBuildFile; fileRef = CEF99A921746E14400DC0598 /* Foundation.framework */; };
		CEF99A951746E14400DC0598 /* CoreGraphics.framework in Frameworks */ = {isa = PBXBuildFile; fileRef = CEF99A941746E14400DC0598 /* CoreGraphics.framework */; };
		CEF99A9B1746E14400DC0598 /* InfoPlist.strings in Resources */ = {isa = PBXBuildFile; fileRef = CEF99A991746E14400DC0598 /* InfoPlist.strings */; };
		CEF99A9D1746E14400DC0598 /* main.m in Sources */ = {isa = PBXBuildFile; fileRef = CEF99A9C1746E14400DC0598 /* main.m */; };
		CEF99AA11746E14400DC0598 /* AppDelegate.m in Sources */ = {isa = PBXBuildFile; fileRef = CEF99AA01746E14400DC0598 /* AppDelegate.m */; };
		CEF99AA31746E14400DC0598 /* Default.png in Resources */ = {isa = PBXBuildFile; fileRef = CEF99AA21746E14400DC0598 /* Default.png */; };
		CEF99AA51746E14500DC0598 /* Default@2x.png in Resources */ = {isa = PBXBuildFile; fileRef = CEF99AA41746E14400DC0598 /* Default@2x.png */; };
		CEF99AA71746E14500DC0598 /* Default-568h@2x.png in Resources */ = {isa = PBXBuildFile; fileRef = CEF99AA61746E14500DC0598 /* Default-568h@2x.png */; };
		CEF99AAA1746E14500DC0598 /* MainStoryboard_iPhone.storyboard in Resources */ = {isa = PBXBuildFile; fileRef = CEF99AA81746E14500DC0598 /* MainStoryboard_iPhone.storyboard */; };
		CEF99AAD1746E14500DC0598 /* MainStoryboard_iPad.storyboard in Resources */ = {isa = PBXBuildFile; fileRef = CEF99AAB1746E14500DC0598 /* MainStoryboard_iPad.storyboard */; };
		CEF99AB01746E14500DC0598 /* ViewController.m in Sources */ = {isa = PBXBuildFile; fileRef = CEF99AAF1746E14500DC0598 /* ViewController.m */; };
		CEF99AB81746E14500DC0598 /* SenTestingKit.framework in Frameworks */ = {isa = PBXBuildFile; fileRef = CEF99AB71746E14500DC0598 /* SenTestingKit.framework */; };
		CEF99AB91746E14500DC0598 /* UIKit.framework in Frameworks */ = {isa = PBXBuildFile; fileRef = CEF99A901746E14400DC0598 /* UIKit.framework */; };
		CEF99ABA1746E14500DC0598 /* Foundation.framework in Frameworks */ = {isa = PBXBuildFile; fileRef = CEF99A921746E14400DC0598 /* Foundation.framework */; };
		CEF99AC21746E14500DC0598 /* InfoPlist.strings in Resources */ = {isa = PBXBuildFile; fileRef = CEF99AC01746E14500DC0598 /* InfoPlist.strings */; };
		CEF99AC51746E14500DC0598 /* GekklistTests.m in Sources */ = {isa = PBXBuildFile; fileRef = CEF99AC41746E14500DC0598 /* GekklistTests.m */; };
		CEF99ACF1746EBDE00DC0598 /* .gitignore in Resources */ = {isa = PBXBuildFile; fileRef = CEF99ACE1746EBDE00DC0598 /* .gitignore */; };
		D81C64231747625B003F7D27 /* MapViewController.m in Sources */ = {isa = PBXBuildFile; fileRef = D81C64221747625B003F7D27 /* MapViewController.m */; };
		D835BC17174765CB00398B05 /* GoogleMaps.framework in Frameworks */ = {isa = PBXBuildFile; fileRef = D835BC16174765CB00398B05 /* GoogleMaps.framework */; settings = {ATTRIBUTES = (Required, ); }; };
		D835BC191747672D00398B05 /* GoogleMaps.bundle in Resources */ = {isa = PBXBuildFile; fileRef = D835BC181747672D00398B05 /* GoogleMaps.bundle */; };
		D835BC1B174767D100398B05 /* AVFoundation.framework in Frameworks */ = {isa = PBXBuildFile; fileRef = D835BC1A174767D100398B05 /* AVFoundation.framework */; };
		D835BC1D174767DF00398B05 /* CoreData.framework in Frameworks */ = {isa = PBXBuildFile; fileRef = D835BC1C174767DF00398B05 /* CoreData.framework */; };
		D835BC1F174767EE00398B05 /* CoreLocation.framework in Frameworks */ = {isa = PBXBuildFile; fileRef = D835BC1E174767EE00398B05 /* CoreLocation.framework */; };
		D835BC211747690F00398B05 /* CoreText.framework in Frameworks */ = {isa = PBXBuildFile; fileRef = D835BC201747690F00398B05 /* CoreText.framework */; };
		D835BC231747691A00398B05 /* GLKit.framework in Frameworks */ = {isa = PBXBuildFile; fileRef = D835BC221747691A00398B05 /* GLKit.framework */; };
		D835BC251747692900398B05 /* ImageIO.framework in Frameworks */ = {isa = PBXBuildFile; fileRef = D835BC241747692900398B05 /* ImageIO.framework */; };
		D835BC271747694E00398B05 /* libc++.dylib in Frameworks */ = {isa = PBXBuildFile; fileRef = D835BC261747694E00398B05 /* libc++.dylib */; };
		D835BC29174769AF00398B05 /* libicucore.dylib in Frameworks */ = {isa = PBXBuildFile; fileRef = D835BC28174769AF00398B05 /* libicucore.dylib */; };
		D835BC2B174769CE00398B05 /* libz.dylib in Frameworks */ = {isa = PBXBuildFile; fileRef = D835BC2A174769CE00398B05 /* libz.dylib */; };
		D835BC2D174769E800398B05 /* OpenGLES.framework in Frameworks */ = {isa = PBXBuildFile; fileRef = D835BC2C174769E800398B05 /* OpenGLES.framework */; };
		D835BC2F174769F400398B05 /* QuartzCore.framework in Frameworks */ = {isa = PBXBuildFile; fileRef = D835BC2E174769F400398B05 /* QuartzCore.framework */; };
		D835BC31174769FF00398B05 /* SystemConfiguration.framework in Frameworks */ = {isa = PBXBuildFile; fileRef = D835BC30174769FF00398B05 /* SystemConfiguration.framework */; };
/* End PBXBuildFile section */

/* Begin PBXContainerItemProxy section */
		CEF99ABB1746E14500DC0598 /* PBXContainerItemProxy */ = {
			isa = PBXContainerItemProxy;
			containerPortal = CEF99A851746E14400DC0598 /* Project object */;
			proxyType = 1;
			remoteGlobalIDString = CEF99A8C1746E14400DC0598;
			remoteInfo = Gekklist;
		};
/* End PBXContainerItemProxy section */

/* Begin PBXFileReference section */
		CE6F025F1746F47F000A0DC7 /* EntryViewController.h */ = {isa = PBXFileReference; fileEncoding = 4; lastKnownFileType = sourcecode.c.h; path = EntryViewController.h; sourceTree = "<group>"; };
		CE6F02601746F47F000A0DC7 /* EntryViewController.m */ = {isa = PBXFileReference; fileEncoding = 4; lastKnownFileType = sourcecode.c.objc; path = EntryViewController.m; sourceTree = "<group>"; };
		CE6F026617470481000A0DC7 /* MicrosControllernav.h */ = {isa = PBXFileReference; fileEncoding = 4; lastKnownFileType = sourcecode.c.h; name = MicrosControllernav.h; path = InfosMicros/MicrosControllernav.h; sourceTree = "<group>"; };
		CE6F026717470481000A0DC7 /* MicrosControllernav.m */ = {isa = PBXFileReference; fileEncoding = 4; lastKnownFileType = sourcecode.c.objc; name = MicrosControllernav.m; path = InfosMicros/MicrosControllernav.m; sourceTree = "<group>"; };
		CE6F026917470532000A0DC7 /* splash.png */ = {isa = PBXFileReference; lastKnownFileType = image.png; name = splash.png; path = Gekklist/splash.png; sourceTree = "<group>"; };
		CE6F026B17470B93000A0DC7 /* facebook.png */ = {isa = PBXFileReference; lastKnownFileType = image.png; name = facebook.png; path = Gekklist/facebook.png; sourceTree = "<group>"; };
		CE6F026C17470B94000A0DC7 /* fond.png */ = {isa = PBXFileReference; lastKnownFileType = image.png; name = fond.png; path = Gekklist/fond.png; sourceTree = "<group>"; };
		CE6F026F174723BE000A0DC7 /* DetailsViewController.h */ = {isa = PBXFileReference; fileEncoding = 4; lastKnownFileType = sourcecode.c.h; name = DetailsViewController.h; path = InfosMicros/DetailsViewController.h; sourceTree = "<group>"; };
		CE6F0270174723BE000A0DC7 /* DetailsViewController.m */ = {isa = PBXFileReference; fileEncoding = 4; lastKnownFileType = sourcecode.c.objc; name = DetailsViewController.m; path = InfosMicros/DetailsViewController.m; sourceTree = "<group>"; };
		CE6F02721747494D000A0DC7 /* list-view.png */ = {isa = PBXFileReference; lastKnownFileType = image.png; name = "list-view.png"; path = "Gekklist/list-view.png"; sourceTree = "<group>"; };
		CE6F02731747494D000A0DC7 /* location-pin.png */ = {isa = PBXFileReference; lastKnownFileType = image.png; name = "location-pin.png"; path = "Gekklist/location-pin.png"; sourceTree = "<group>"; };
		CE6F02741747494D000A0DC7 /* user.png */ = {isa = PBXFileReference; lastKnownFileType = image.png; name = user.png; path = Gekklist/user.png; sourceTree = "<group>"; };
		CEF99A8D1746E14400DC0598 /* GeekList.app */ = {isa = PBXFileReference; explicitFileType = wrapper.application; includeInIndex = 0; path = GeekList.app; sourceTree = BUILT_PRODUCTS_DIR; };
		CEF99A901746E14400DC0598 /* UIKit.framework */ = {isa = PBXFileReference; lastKnownFileType = wrapper.framework; name = UIKit.framework; path = System/Library/Frameworks/UIKit.framework; sourceTree = SDKROOT; };
		CEF99A921746E14400DC0598 /* Foundation.framework */ = {isa = PBXFileReference; lastKnownFileType = wrapper.framework; name = Foundation.framework; path = System/Library/Frameworks/Foundation.framework; sourceTree = SDKROOT; };
		CEF99A941746E14400DC0598 /* CoreGraphics.framework */ = {isa = PBXFileReference; lastKnownFileType = wrapper.framework; name = CoreGraphics.framework; path = System/Library/Frameworks/CoreGraphics.framework; sourceTree = SDKROOT; };
		CEF99A981746E14400DC0598 /* GeekList-Info.plist */ = {isa = PBXFileReference; lastKnownFileType = text.plist.xml; path = "GeekList-Info.plist"; sourceTree = "<group>"; };
		CEF99A9A1746E14400DC0598 /* en */ = {isa = PBXFileReference; lastKnownFileType = text.plist.strings; name = en; path = en.lproj/InfoPlist.strings; sourceTree = "<group>"; };
		CEF99A9C1746E14400DC0598 /* main.m */ = {isa = PBXFileReference; lastKnownFileType = sourcecode.c.objc; path = main.m; sourceTree = "<group>"; };
		CEF99A9E1746E14400DC0598 /* GeekList-Prefix.pch */ = {isa = PBXFileReference; lastKnownFileType = sourcecode.c.h; path = "GeekList-Prefix.pch"; sourceTree = "<group>"; };
		CEF99A9F1746E14400DC0598 /* AppDelegate.h */ = {isa = PBXFileReference; lastKnownFileType = sourcecode.c.h; path = AppDelegate.h; sourceTree = "<group>"; };
		CEF99AA01746E14400DC0598 /* AppDelegate.m */ = {isa = PBXFileReference; lastKnownFileType = sourcecode.c.objc; path = AppDelegate.m; sourceTree = "<group>"; };
		CEF99AA21746E14400DC0598 /* Default.png */ = {isa = PBXFileReference; lastKnownFileType = image.png; path = Default.png; sourceTree = "<group>"; };
		CEF99AA41746E14400DC0598 /* Default@2x.png */ = {isa = PBXFileReference; lastKnownFileType = image.png; path = "Default@2x.png"; sourceTree = "<group>"; };
		CEF99AA61746E14500DC0598 /* Default-568h@2x.png */ = {isa = PBXFileReference; lastKnownFileType = image.png; path = "Default-568h@2x.png"; sourceTree = "<group>"; };
		CEF99AA91746E14500DC0598 /* en */ = {isa = PBXFileReference; lastKnownFileType = file.storyboard; name = en; path = en.lproj/MainStoryboard_iPhone.storyboard; sourceTree = "<group>"; };
		CEF99AAC1746E14500DC0598 /* en */ = {isa = PBXFileReference; lastKnownFileType = file.storyboard; name = en; path = en.lproj/MainStoryboard_iPad.storyboard; sourceTree = "<group>"; };
		CEF99AAE1746E14500DC0598 /* ViewController.h */ = {isa = PBXFileReference; lastKnownFileType = sourcecode.c.h; path = ViewController.h; sourceTree = "<group>"; };
		CEF99AAF1746E14500DC0598 /* ViewController.m */ = {isa = PBXFileReference; lastKnownFileType = sourcecode.c.objc; path = ViewController.m; sourceTree = "<group>"; };
		CEF99AB61746E14500DC0598 /* GeekListTests.octest */ = {isa = PBXFileReference; explicitFileType = wrapper.cfbundle; includeInIndex = 0; path = GeekListTests.octest; sourceTree = BUILT_PRODUCTS_DIR; };
		CEF99AB71746E14500DC0598 /* SenTestingKit.framework */ = {isa = PBXFileReference; lastKnownFileType = wrapper.framework; name = SenTestingKit.framework; path = Library/Frameworks/SenTestingKit.framework; sourceTree = DEVELOPER_DIR; };
		CEF99ABF1746E14500DC0598 /* GeekListTests-Info.plist */ = {isa = PBXFileReference; lastKnownFileType = text.plist.xml; path = "GeekListTests-Info.plist"; sourceTree = "<group>"; };
		CEF99AC11746E14500DC0598 /* en */ = {isa = PBXFileReference; lastKnownFileType = text.plist.strings; name = en; path = en.lproj/InfoPlist.strings; sourceTree = "<group>"; };
		CEF99AC31746E14500DC0598 /* GekklistTests.h */ = {isa = PBXFileReference; lastKnownFileType = sourcecode.c.h; path = GekklistTests.h; sourceTree = "<group>"; };
		CEF99AC41746E14500DC0598 /* GekklistTests.m */ = {isa = PBXFileReference; lastKnownFileType = sourcecode.c.objc; path = GekklistTests.m; sourceTree = "<group>"; };
		CEF99ACE1746EBDE00DC0598 /* .gitignore */ = {isa = PBXFileReference; fileEncoding = 4; lastKnownFileType = text; path = .gitignore; sourceTree = "<group>"; };
		D81C64211747625B003F7D27 /* MapViewController.h */ = {isa = PBXFileReference; fileEncoding = 4; lastKnownFileType = sourcecode.c.h; name = MapViewController.h; path = mapMicros/MapViewController.h; sourceTree = "<group>"; };
		D81C64221747625B003F7D27 /* MapViewController.m */ = {isa = PBXFileReference; fileEncoding = 4; lastKnownFileType = sourcecode.c.objc; name = MapViewController.m; path = mapMicros/MapViewController.m; sourceTree = "<group>"; };
		D835BC16174765CB00398B05 /* GoogleMaps.framework */ = {isa = PBXFileReference; lastKnownFileType = wrapper.framework; name = GoogleMaps.framework; path = "../../Downloads/GoogleMaps-iOS-1.3.0/GoogleMaps.framework"; sourceTree = "<group>"; };
		D835BC181747672D00398B05 /* GoogleMaps.bundle */ = {isa = PBXFileReference; lastKnownFileType = "wrapper.plug-in"; name = GoogleMaps.bundle; path = "../../Downloads/GoogleMaps-iOS-1.3.0/GoogleMaps.framework/Versions/A/Resources/GoogleMaps.bundle"; sourceTree = "<group>"; };
		D835BC1A174767D100398B05 /* AVFoundation.framework */ = {isa = PBXFileReference; lastKnownFileType = wrapper.framework; name = AVFoundation.framework; path = System/Library/Frameworks/AVFoundation.framework; sourceTree = SDKROOT; };
		D835BC1C174767DF00398B05 /* CoreData.framework */ = {isa = PBXFileReference; lastKnownFileType = wrapper.framework; name = CoreData.framework; path = System/Library/Frameworks/CoreData.framework; sourceTree = SDKROOT; };
		D835BC1E174767EE00398B05 /* CoreLocation.framework */ = {isa = PBXFileReference; lastKnownFileType = wrapper.framework; name = CoreLocation.framework; path = System/Library/Frameworks/CoreLocation.framework; sourceTree = SDKROOT; };
		D835BC201747690F00398B05 /* CoreText.framework */ = {isa = PBXFileReference; lastKnownFileType = wrapper.framework; name = CoreText.framework; path = System/Library/Frameworks/CoreText.framework; sourceTree = SDKROOT; };
		D835BC221747691A00398B05 /* GLKit.framework */ = {isa = PBXFileReference; lastKnownFileType = wrapper.framework; name = GLKit.framework; path = System/Library/Frameworks/GLKit.framework; sourceTree = SDKROOT; };
		D835BC241747692900398B05 /* ImageIO.framework */ = {isa = PBXFileReference; lastKnownFileType = wrapper.framework; name = ImageIO.framework; path = System/Library/Frameworks/ImageIO.framework; sourceTree = SDKROOT; };
		D835BC261747694E00398B05 /* libc++.dylib */ = {isa = PBXFileReference; lastKnownFileType = "compiled.mach-o.dylib"; name = "libc++.dylib"; path = "usr/lib/libc++.dylib"; sourceTree = SDKROOT; };
		D835BC28174769AF00398B05 /* libicucore.dylib */ = {isa = PBXFileReference; lastKnownFileType = "compiled.mach-o.dylib"; name = libicucore.dylib; path = usr/lib/libicucore.dylib; sourceTree = SDKROOT; };
		D835BC2A174769CE00398B05 /* libz.dylib */ = {isa = PBXFileReference; lastKnownFileType = "compiled.mach-o.dylib"; name = libz.dylib; path = usr/lib/libz.dylib; sourceTree = SDKROOT; };
		D835BC2C174769E800398B05 /* OpenGLES.framework */ = {isa = PBXFileReference; lastKnownFileType = wrapper.framework; name = OpenGLES.framework; path = System/Library/Frameworks/OpenGLES.framework; sourceTree = SDKROOT; };
		D835BC2E174769F400398B05 /* QuartzCore.framework */ = {isa = PBXFileReference; lastKnownFileType = wrapper.framework; name = QuartzCore.framework; path = System/Library/Frameworks/QuartzCore.framework; sourceTree = SDKROOT; };
		D835BC30174769FF00398B05 /* SystemConfiguration.framework */ = {isa = PBXFileReference; lastKnownFileType = wrapper.framework; name = SystemConfiguration.framework; path = System/Library/Frameworks/SystemConfiguration.framework; sourceTree = SDKROOT; };
/* End PBXFileReference section */

/* Begin PBXFrameworksBuildPhase section */
		CEF99A8A1746E14400DC0598 /* Frameworks */ = {
			isa = PBXFrameworksBuildPhase;
			buildActionMask = 2147483647;
			files = (
				D835BC31174769FF00398B05 /* SystemConfiguration.framework in Frameworks */,
				D835BC2F174769F400398B05 /* QuartzCore.framework in Frameworks */,
				D835BC2D174769E800398B05 /* OpenGLES.framework in Frameworks */,
				D835BC2B174769CE00398B05 /* libz.dylib in Frameworks */,
				D835BC29174769AF00398B05 /* libicucore.dylib in Frameworks */,
				D835BC271747694E00398B05 /* libc++.dylib in Frameworks */,
				D835BC251747692900398B05 /* ImageIO.framework in Frameworks */,
				D835BC231747691A00398B05 /* GLKit.framework in Frameworks */,
				D835BC211747690F00398B05 /* CoreText.framework in Frameworks */,
				D835BC1F174767EE00398B05 /* CoreLocation.framework in Frameworks */,
				D835BC1D174767DF00398B05 /* CoreData.framework in Frameworks */,
				D835BC1B174767D100398B05 /* AVFoundation.framework in Frameworks */,
				CEF99A911746E14400DC0598 /* UIKit.framework in Frameworks */,
				CEF99A931746E14400DC0598 /* Foundation.framework in Frameworks */,
				CEF99A951746E14400DC0598 /* CoreGraphics.framework in Frameworks */,
				D835BC17174765CB00398B05 /* GoogleMaps.framework in Frameworks */,
			);
			runOnlyForDeploymentPostprocessing = 0;
		};
		CEF99AB21746E14500DC0598 /* Frameworks */ = {
			isa = PBXFrameworksBuildPhase;
			buildActionMask = 2147483647;
			files = (
				CEF99AB81746E14500DC0598 /* SenTestingKit.framework in Frameworks */,
				CEF99AB91746E14500DC0598 /* UIKit.framework in Frameworks */,
				CEF99ABA1746E14500DC0598 /* Foundation.framework in Frameworks */,
			);
			runOnlyForDeploymentPostprocessing = 0;
		};
/* End PBXFrameworksBuildPhase section */

/* Begin PBXGroup section */
		CE6F02621747010C000A0DC7 /* Info */ = {
			isa = PBXGroup;
			children = (
				CE6F026617470481000A0DC7 /* MicrosControllernav.h */,
				CE6F026717470481000A0DC7 /* MicrosControllernav.m */,
				CE6F026F174723BE000A0DC7 /* DetailsViewController.h */,
				CE6F0270174723BE000A0DC7 /* DetailsViewController.m */,
			);
			name = Info;
			sourceTree = "<group>";
		};
		CEF99A841746E14400DC0598 = {
			isa = PBXGroup;
			children = (
				D835BC30174769FF00398B05 /* SystemConfiguration.framework */,
				D835BC2E174769F400398B05 /* QuartzCore.framework */,
				D835BC2C174769E800398B05 /* OpenGLES.framework */,
				D835BC2A174769CE00398B05 /* libz.dylib */,
				D835BC28174769AF00398B05 /* libicucore.dylib */,
				D835BC261747694E00398B05 /* libc++.dylib */,
				D835BC241747692900398B05 /* ImageIO.framework */,
				D835BC221747691A00398B05 /* GLKit.framework */,
				D835BC201747690F00398B05 /* CoreText.framework */,
				D835BC1E174767EE00398B05 /* CoreLocation.framework */,
				D835BC1C174767DF00398B05 /* CoreData.framework */,
				D835BC1A174767D100398B05 /* AVFoundation.framework */,
				CE6F02721747494D000A0DC7 /* list-view.png */,
				CE6F02731747494D000A0DC7 /* location-pin.png */,
				CE6F02741747494D000A0DC7 /* user.png */,
				CE6F026B17470B93000A0DC7 /* facebook.png */,
				CE6F026C17470B94000A0DC7 /* fond.png */,
				CE6F026917470532000A0DC7 /* splash.png */,
				CEF99ACE1746EBDE00DC0598 /* .gitignore */,
				CEF99A961746E14400DC0598 /* Gekklist */,
				CEF99ABD1746E14500DC0598 /* GekklistTests */,
				CEF99A8F1746E14400DC0598 /* Frameworks */,
				CEF99A8E1746E14400DC0598 /* Products */,
			);
			sourceTree = "<group>";
		};
		CEF99A8E1746E14400DC0598 /* Products */ = {
			isa = PBXGroup;
			children = (
				CEF99A8D1746E14400DC0598 /* GeekList.app */,
				CEF99AB61746E14500DC0598 /* GeekListTests.octest */,
			);
			name = Products;
			sourceTree = "<group>";
		};
		CEF99A8F1746E14400DC0598 /* Frameworks */ = {
			isa = PBXGroup;
			children = (
				D835BC181747672D00398B05 /* GoogleMaps.bundle */,
				D835BC16174765CB00398B05 /* GoogleMaps.framework */,
				CEF99A901746E14400DC0598 /* UIKit.framework */,
				CEF99A921746E14400DC0598 /* Foundation.framework */,
				CEF99A941746E14400DC0598 /* CoreGraphics.framework */,
				CEF99AB71746E14500DC0598 /* SenTestingKit.framework */,
			);
			name = Frameworks;
			sourceTree = "<group>";
		};
		CEF99A961746E14400DC0598 /* Gekklist */ = {
			isa = PBXGroup;
			children = (
				D81C642417476263003F7D27 /* map */,
				CE6F02621747010C000A0DC7 /* Info */,
				CEF99A9F1746E14400DC0598 /* AppDelegate.h */,
				CEF99AA01746E14400DC0598 /* AppDelegate.m */,
				CEF99AA81746E14500DC0598 /* MainStoryboard_iPhone.storyboard */,
				CEF99AAB1746E14500DC0598 /* MainStoryboard_iPad.storyboard */,
				CEF99AAE1746E14500DC0598 /* ViewController.h */,
				CEF99AAF1746E14500DC0598 /* ViewController.m */,
				CEF99A971746E14400DC0598 /* Supporting Files */,
				CE6F025F1746F47F000A0DC7 /* EntryViewController.h */,
				CE6F02601746F47F000A0DC7 /* EntryViewController.m */,
			);
			path = Gekklist;
			sourceTree = "<group>";
		};
		CEF99A971746E14400DC0598 /* Supporting Files */ = {
			isa = PBXGroup;
			children = (
				CEF99A981746E14400DC0598 /* GeekList-Info.plist */,
				CEF99A991746E14400DC0598 /* InfoPlist.strings */,
				CEF99A9C1746E14400DC0598 /* main.m */,
				CEF99A9E1746E14400DC0598 /* GeekList-Prefix.pch */,
				CEF99AA21746E14400DC0598 /* Default.png */,
				CEF99AA41746E14400DC0598 /* Default@2x.png */,
				CEF99AA61746E14500DC0598 /* Default-568h@2x.png */,
			);
			name = "Supporting Files";
			sourceTree = "<group>";
		};
		CEF99ABD1746E14500DC0598 /* GekklistTests */ = {
			isa = PBXGroup;
			children = (
				CEF99AC31746E14500DC0598 /* GekklistTests.h */,
				CEF99AC41746E14500DC0598 /* GekklistTests.m */,
				CEF99ABE1746E14500DC0598 /* Supporting Files */,
			);
			path = GekklistTests;
			sourceTree = "<group>";
		};
		CEF99ABE1746E14500DC0598 /* Supporting Files */ = {
			isa = PBXGroup;
			children = (
				CEF99ABF1746E14500DC0598 /* GeekListTests-Info.plist */,
				CEF99AC01746E14500DC0598 /* InfoPlist.strings */,
			);
			name = "Supporting Files";
			sourceTree = "<group>";
		};
		D81C642417476263003F7D27 /* map */ = {
			isa = PBXGroup;
			children = (
				D81C64211747625B003F7D27 /* MapViewController.h */,
				D81C64221747625B003F7D27 /* MapViewController.m */,
			);
			name = map;
			sourceTree = "<group>";
		};
/* End PBXGroup section */

/* Begin PBXNativeTarget section */
		CEF99A8C1746E14400DC0598 /* GeekList */ = {
			isa = PBXNativeTarget;
			buildConfigurationList = CEF99AC81746E14500DC0598 /* Build configuration list for PBXNativeTarget "GeekList" */;
			buildPhases = (
				CEF99A891746E14400DC0598 /* Sources */,
				CEF99A8A1746E14400DC0598 /* Frameworks */,
				CEF99A8B1746E14400DC0598 /* Resources */,
			);
			buildRules = (
			);
			dependencies = (
			);
			name = GeekList;
			productName = Gekklist;
			productReference = CEF99A8D1746E14400DC0598 /* GeekList.app */;
			productType = "com.apple.product-type.application";
		};
		CEF99AB51746E14500DC0598 /* GeekListTests */ = {
			isa = PBXNativeTarget;
			buildConfigurationList = CEF99ACB1746E14500DC0598 /* Build configuration list for PBXNativeTarget "GeekListTests" */;
			buildPhases = (
				CEF99AB11746E14500DC0598 /* Sources */,
				CEF99AB21746E14500DC0598 /* Frameworks */,
				CEF99AB31746E14500DC0598 /* Resources */,
				CEF99AB41746E14500DC0598 /* ShellScript */,
			);
			buildRules = (
			);
			dependencies = (
				CEF99ABC1746E14500DC0598 /* PBXTargetDependency */,
			);
			name = GeekListTests;
			productName = GekklistTests;
			productReference = CEF99AB61746E14500DC0598 /* GeekListTests.octest */;
			productType = "com.apple.product-type.bundle";
		};
/* End PBXNativeTarget section */

/* Begin PBXProject section */
		CEF99A851746E14400DC0598 /* Project object */ = {
			isa = PBXProject;
			attributes = {
				LastUpgradeCheck = 0460;
				ORGANIZATIONNAME = GeekList;
			};
			buildConfigurationList = CEF99A881746E14400DC0598 /* Build configuration list for PBXProject "geeklist" */;
			compatibilityVersion = "Xcode 3.2";
			developmentRegion = English;
			hasScannedForEncodings = 0;
			knownRegions = (
				en,
			);
			mainGroup = CEF99A841746E14400DC0598;
			productRefGroup = CEF99A8E1746E14400DC0598 /* Products */;
			projectDirPath = "";
			projectRoot = "";
			targets = (
				CEF99A8C1746E14400DC0598 /* GeekList */,
				CEF99AB51746E14500DC0598 /* GeekListTests */,
			);
		};
/* End PBXProject section */

/* Begin PBXResourcesBuildPhase section */
		CEF99A8B1746E14400DC0598 /* Resources */ = {
			isa = PBXResourcesBuildPhase;
			buildActionMask = 2147483647;
			files = (
				CEF99A9B1746E14400DC0598 /* InfoPlist.strings in Resources */,
				CEF99AA31746E14400DC0598 /* Default.png in Resources */,
				CEF99AA51746E14500DC0598 /* Default@2x.png in Resources */,
				CEF99AA71746E14500DC0598 /* Default-568h@2x.png in Resources */,
				CEF99AAA1746E14500DC0598 /* MainStoryboard_iPhone.storyboard in Resources */,
				CEF99AAD1746E14500DC0598 /* MainStoryboard_iPad.storyboard in Resources */,
				CEF99ACF1746EBDE00DC0598 /* .gitignore in Resources */,
				CE6F026A17470532000A0DC7 /* splash.png in Resources */,
				CE6F026D17470B94000A0DC7 /* facebook.png in Resources */,
				CE6F026E17470B94000A0DC7 /* fond.png in Resources */,
				CE6F02751747494D000A0DC7 /* list-view.png in Resources */,
				CE6F02761747494D000A0DC7 /* location-pin.png in Resources */,
				CE6F02771747494D000A0DC7 /* user.png in Resources */,
				D835BC191747672D00398B05 /* GoogleMaps.bundle in Resources */,
			);
			runOnlyForDeploymentPostprocessing = 0;
		};
		CEF99AB31746E14500DC0598 /* Resources */ = {
			isa = PBXResourcesBuildPhase;
			buildActionMask = 2147483647;
			files = (
				CEF99AC21746E14500DC0598 /* InfoPlist.strings in Resources */,
			);
			runOnlyForDeploymentPostprocessing = 0;
		};
/* End PBXResourcesBuildPhase section */

/* Begin PBXShellScriptBuildPhase section */
		CEF99AB41746E14500DC0598 /* ShellScript */ = {
			isa = PBXShellScriptBuildPhase;
			buildActionMask = 2147483647;
			files = (
			);
			inputPaths = (
			);
			outputPaths = (
			);
			runOnlyForDeploymentPostprocessing = 0;
			shellPath = /bin/sh;
			shellScript = "# Run the unit tests in this test bundle.\n\"${SYSTEM_DEVELOPER_DIR}/Tools/RunUnitTests\"\n";
		};
/* End PBXShellScriptBuildPhase section */

/* Begin PBXSourcesBuildPhase section */
		CEF99A891746E14400DC0598 /* Sources */ = {
			isa = PBXSourcesBuildPhase;
			buildActionMask = 2147483647;
			files = (
				CEF99A9D1746E14400DC0598 /* main.m in Sources */,
				CEF99AA11746E14400DC0598 /* AppDelegate.m in Sources */,
				CEF99AB01746E14500DC0598 /* ViewController.m in Sources */,
				CE6F02611746F47F000A0DC7 /* EntryViewController.m in Sources */,
				CE6F026817470481000A0DC7 /* MicrosControllernav.m in Sources */,
				CE6F0271174723BE000A0DC7 /* DetailsViewController.m in Sources */,
				D81C64231747625B003F7D27 /* MapViewController.m in Sources */,
			);
			runOnlyForDeploymentPostprocessing = 0;
		};
		CEF99AB11746E14500DC0598 /* Sources */ = {
			isa = PBXSourcesBuildPhase;
			buildActionMask = 2147483647;
			files = (
				CEF99AC51746E14500DC0598 /* GekklistTests.m in Sources */,
			);
			runOnlyForDeploymentPostprocessing = 0;
		};
/* End PBXSourcesBuildPhase section */

/* Begin PBXTargetDependency section */
		CEF99ABC1746E14500DC0598 /* PBXTargetDependency */ = {
			isa = PBXTargetDependency;
			target = CEF99A8C1746E14400DC0598 /* GeekList */;
			targetProxy = CEF99ABB1746E14500DC0598 /* PBXContainerItemProxy */;
		};
/* End PBXTargetDependency section */

/* Begin PBXVariantGroup section */
		CEF99A991746E14400DC0598 /* InfoPlist.strings */ = {
			isa = PBXVariantGroup;
			children = (
				CEF99A9A1746E14400DC0598 /* en */,
			);
			name = InfoPlist.strings;
			sourceTree = "<group>";
		};
		CEF99AA81746E14500DC0598 /* MainStoryboard_iPhone.storyboard */ = {
			isa = PBXVariantGroup;
			children = (
				CEF99AA91746E14500DC0598 /* en */,
			);
			name = MainStoryboard_iPhone.storyboard;
			sourceTree = "<group>";
		};
		CEF99AAB1746E14500DC0598 /* MainStoryboard_iPad.storyboard */ = {
			isa = PBXVariantGroup;
			children = (
				CEF99AAC1746E14500DC0598 /* en */,
			);
			name = MainStoryboard_iPad.storyboard;
			sourceTree = "<group>";
		};
		CEF99AC01746E14500DC0598 /* InfoPlist.strings */ = {
			isa = PBXVariantGroup;
			children = (
				CEF99AC11746E14500DC0598 /* en */,
			);
			name = InfoPlist.strings;
			sourceTree = "<group>";
		};
/* End PBXVariantGroup section */

/* Begin XCBuildConfiguration section */
		CEF99AC61746E14500DC0598 /* Debug */ = {
			isa = XCBuildConfiguration;
			buildSettings = {
				ALWAYS_SEARCH_USER_PATHS = NO;
				CLANG_CXX_LANGUAGE_STANDARD = "gnu++0x";
				CLANG_CXX_LIBRARY = "libc++";
				CLANG_ENABLE_OBJC_ARC = YES;
				CLANG_WARN_CONSTANT_CONVERSION = YES;
				CLANG_WARN_EMPTY_BODY = YES;
				CLANG_WARN_ENUM_CONVERSION = YES;
				CLANG_WARN_INT_CONVERSION = YES;
				CLANG_WARN__DUPLICATE_METHOD_MATCH = YES;
				"CODE_SIGN_IDENTITY[sdk=iphoneos*]" = "iPhone Developer";
				COPY_PHASE_STRIP = NO;
				GCC_C_LANGUAGE_STANDARD = gnu99;
				GCC_DYNAMIC_NO_PIC = NO;
				GCC_OPTIMIZATION_LEVEL = 0;
				GCC_PREPROCESSOR_DEFINITIONS = (
					"DEBUG=1",
					"$(inherited)",
				);
				GCC_SYMBOLS_PRIVATE_EXTERN = NO;
				GCC_WARN_ABOUT_RETURN_TYPE = YES;
				GCC_WARN_UNINITIALIZED_AUTOS = YES;
				GCC_WARN_UNUSED_VARIABLE = YES;
				IPHONEOS_DEPLOYMENT_TARGET = 6.1;
				ONLY_ACTIVE_ARCH = YES;
				SDKROOT = iphoneos;
				TARGETED_DEVICE_FAMILY = "1,2";
			};
			name = Debug;
		};
		CEF99AC71746E14500DC0598 /* Release */ = {
			isa = XCBuildConfiguration;
			buildSettings = {
				ALWAYS_SEARCH_USER_PATHS = NO;
				CLANG_CXX_LANGUAGE_STANDARD = "gnu++0x";
				CLANG_CXX_LIBRARY = "libc++";
				CLANG_ENABLE_OBJC_ARC = YES;
				CLANG_WARN_CONSTANT_CONVERSION = YES;
				CLANG_WARN_EMPTY_BODY = YES;
				CLANG_WARN_ENUM_CONVERSION = YES;
				CLANG_WARN_INT_CONVERSION = YES;
				CLANG_WARN__DUPLICATE_METHOD_MATCH = YES;
				"CODE_SIGN_IDENTITY[sdk=iphoneos*]" = "iPhone Developer";
				COPY_PHASE_STRIP = YES;
				GCC_C_LANGUAGE_STANDARD = gnu99;
				GCC_WARN_ABOUT_RETURN_TYPE = YES;
				GCC_WARN_UNINITIALIZED_AUTOS = YES;
				GCC_WARN_UNUSED_VARIABLE = YES;
				IPHONEOS_DEPLOYMENT_TARGET = 6.1;
				OTHER_CFLAGS = "-DNS_BLOCK_ASSERTIONS=1";
				SDKROOT = iphoneos;
				TARGETED_DEVICE_FAMILY = "1,2";
				VALIDATE_PRODUCT = YES;
			};
			name = Release;
		};
		CEF99AC91746E14500DC0598 /* Debug */ = {
			isa = XCBuildConfiguration;
			buildSettings = {
				FRAMEWORK_SEARCH_PATHS = (
					"$(inherited)",
					"\"$(SRCROOT)/../../Downloads/GoogleMaps-iOS-1.3.0\"",
				);
				GCC_PRECOMPILE_PREFIX_HEADER = YES;
				GCC_PREFIX_HEADER = "Gekklist/GeekList-Prefix.pch";
				INFOPLIST_FILE = "Gekklist/GeekList-Info.plist";
				OTHER_LDFLAGS = "-ObjC";
				PRODUCT_NAME = GeekList;
				WRAPPER_EXTENSION = app;
			};
			name = Debug;
		};
		CEF99ACA1746E14500DC0598 /* Release */ = {
			isa = XCBuildConfiguration;
			buildSettings = {
				FRAMEWORK_SEARCH_PATHS = (
					"$(inherited)",
					"\"$(SRCROOT)/../../Downloads/GoogleMaps-iOS-1.3.0\"",
				);
				GCC_PRECOMPILE_PREFIX_HEADER = YES;
				GCC_PREFIX_HEADER = "Gekklist/GeekList-Prefix.pch";
				INFOPLIST_FILE = "Gekklist/GeekList-Info.plist";
				OTHER_LDFLAGS = "-ObjC";
				PRODUCT_NAME = GeekList;
				WRAPPER_EXTENSION = app;
			};
			name = Release;
		};
		CEF99ACC1746E14500DC0598 /* Debug */ = {
			isa = XCBuildConfiguration;
			buildSettings = {
				BUNDLE_LOADER = "$(BUILT_PRODUCTS_DIR)/Gekklist.app/Gekklist";
				FRAMEWORK_SEARCH_PATHS = (
					"\"$(SDKROOT)/Developer/Library/Frameworks\"",
					"\"$(DEVELOPER_LIBRARY_DIR)/Frameworks\"",
				);
				GCC_PRECOMPILE_PREFIX_HEADER = YES;
				GCC_PREFIX_HEADER = "Gekklist/Gekklist-Prefix.pch";
				INFOPLIST_FILE = "GekklistTests/GeekListTests-Info.plist";
				PRODUCT_NAME = GeekListTests;
				TEST_HOST = "$(BUNDLE_LOADER)";
				WRAPPER_EXTENSION = octest;
			};
			name = Debug;
		};
		CEF99ACD1746E14500DC0598 /* Release */ = {
			isa = XCBuildConfiguration;
			buildSettings = {
				BUNDLE_LOADER = "$(BUILT_PRODUCTS_DIR)/Gekklist.app/Gekklist";
				FRAMEWORK_SEARCH_PATHS = (
					"\"$(SDKROOT)/Developer/Library/Frameworks\"",
					"\"$(DEVELOPER_LIBRARY_DIR)/Frameworks\"",
				);
				GCC_PRECOMPILE_PREFIX_HEADER = YES;
				GCC_PREFIX_HEADER = "Gekklist/Gekklist-Prefix.pch";
				INFOPLIST_FILE = "GekklistTests/GeekListTests-Info.plist";
				PRODUCT_NAME = GeekListTests;
				TEST_HOST = "$(BUNDLE_LOADER)";
				WRAPPER_EXTENSION = octest;
			};
			name = Release;
		};
/* End XCBuildConfiguration section */

/* Begin XCConfigurationList section */
		CEF99A881746E14400DC0598 /* Build configuration list for PBXProject "geeklist" */ = {
			isa = XCConfigurationList;
			buildConfigurations = (
				CEF99AC61746E14500DC0598 /* Debug */,
				CEF99AC71746E14500DC0598 /* Release */,
			);
			defaultConfigurationIsVisible = 0;
			defaultConfigurationName = Release;
		};
		CEF99AC81746E14500DC0598 /* Build configuration list for PBXNativeTarget "GeekList" */ = {
			isa = XCConfigurationList;
			buildConfigurations = (
				CEF99AC91746E14500DC0598 /* Debug */,
				CEF99ACA1746E14500DC0598 /* Release */,
			);
			defaultConfigurationIsVisible = 0;
			defaultConfigurationName = Release;
		};
		CEF99ACB1746E14500DC0598 /* Build configuration list for PBXNativeTarget "GeekListTests" */ = {
			isa = XCConfigurationList;
			buildConfigurations = (
				CEF99ACC1746E14500DC0598 /* Debug */,
				CEF99ACD1746E14500DC0598 /* Release */,
			);
			defaultConfigurationIsVisible = 0;
			defaultConfigurationName = Release;
		};
/* End XCConfigurationList section */
	};
	rootObject = CEF99A851746E14400DC0598 /* Project object */;
}
